// !$*UTF8*$!
{
	archiveVersion = 1;
	classes = {
	};
	objectVersion = 55;
	objects = {

/* Begin PBXBuildFile section */
		AB3DC3412808204E00928FB9 /* AppDelegate.m in Sources */ = {isa = PBXBuildFile; fileRef = AB3DC3402808204E00928FB9 /* AppDelegate.m */; };
		AB3DC3442808204E00928FB9 /* SceneDelegate.m in Sources */ = {isa = PBXBuildFile; fileRef = AB3DC3432808204E00928FB9 /* SceneDelegate.m */; };
		AB3DC3472808204E00928FB9 /* ViewController.m in Sources */ = {isa = PBXBuildFile; fileRef = AB3DC3462808204E00928FB9 /* ViewController.m */; };
		AB3DC34A2808204E00928FB9 /* Main.storyboard in Resources */ = {isa = PBXBuildFile; fileRef = AB3DC3482808204E00928FB9 /* Main.storyboard */; };
		AB3DC34C2808204E00928FB9 /* Assets.xcassets in Resources */ = {isa = PBXBuildFile; fileRef = AB3DC34B2808204E00928FB9 /* Assets.xcassets */; };
		AB3DC34F2808204E00928FB9 /* LaunchScreen.storyboard in Resources */ = {isa = PBXBuildFile; fileRef = AB3DC34D2808204E00928FB9 /* LaunchScreen.storyboard */; };
		AB3DC3522808204E00928FB9 /* main.m in Sources */ = {isa = PBXBuildFile; fileRef = AB3DC3512808204E00928FB9 /* main.m */; };
		AB3DC35C2808204E00928FB9 /* TestTests.m in Sources */ = {isa = PBXBuildFile; fileRef = AB3DC35B2808204E00928FB9 /* TestTests.m */; };
		AB3DC3662808204E00928FB9 /* TestUITests.m in Sources */ = {isa = PBXBuildFile; fileRef = AB3DC3652808204E00928FB9 /* TestUITests.m */; };
		AB3DC3682808204E00928FB9 /* TestUITestsLaunchTests.m in Sources */ = {isa = PBXBuildFile; fileRef = AB3DC3672808204E00928FB9 /* TestUITestsLaunchTests.m */; };
		ABF078ED28589A7E00DEA2C2 /* TestC.c in Sources */ = {isa = PBXBuildFile; fileRef = ABF078EC28589A7E00DEA2C2 /* TestC.c */; };
		ABF552F4283CE71500DBA117 /* TwoViewController.m in Sources */ = {isa = PBXBuildFile; fileRef = ABF552F3283CE71500DBA117 /* TwoViewController.m */; };
		ABF552F7283CE93800DBA117 /* CustomTextField.m in Sources */ = {isa = PBXBuildFile; fileRef = ABF552F6283CE93800DBA117 /* CustomTextField.m */; };
		BB93ECD2AAC14F292DDFABC4 /* Pods_Test.framework in Frameworks */ = {isa = PBXBuildFile; fileRef = 4F8058E53FC1BA852457751C /* Pods_Test.framework */; };
/* End PBXBuildFile section */

/* Begin PBXContainerItemProxy section */
		AB3DC3582808204E00928FB9 /* PBXContainerItemProxy */ = {
			isa = PBXContainerItemProxy;
			containerPortal = AB3DC3342808204D00928FB9 /* Project object */;
			proxyType = 1;
			remoteGlobalIDString = AB3DC33B2808204E00928FB9;
			remoteInfo = Test;
		};
		AB3DC3622808204E00928FB9 /* PBXContainerItemProxy */ = {
			isa = PBXContainerItemProxy;
			containerPortal = AB3DC3342808204D00928FB9 /* Project object */;
			proxyType = 1;
			remoteGlobalIDString = AB3DC33B2808204E00928FB9;
			remoteInfo = Test;
		};
/* End PBXContainerItemProxy section */

/* Begin PBXFileReference section */
		4F8058E53FC1BA852457751C /* Pods_Test.framework */ = {isa = PBXFileReference; explicitFileType = wrapper.framework; includeInIndex = 0; path = Pods_Test.framework; sourceTree = BUILT_PRODUCTS_DIR; };
		6BE011F60BC24D4AA5DC28C8 /* Pods-Test.debug.xcconfig */ = {isa = PBXFileReference; includeInIndex = 1; lastKnownFileType = text.xcconfig; name = "Pods-Test.debug.xcconfig"; path = "Target Support Files/Pods-Test/Pods-Test.debug.xcconfig"; sourceTree = "<group>"; };
		A9BB4C2DF4BE37558C120C32 /* Pods-Test.release.xcconfig */ = {isa = PBXFileReference; includeInIndex = 1; lastKnownFileType = text.xcconfig; name = "Pods-Test.release.xcconfig"; path = "Target Support Files/Pods-Test/Pods-Test.release.xcconfig"; sourceTree = "<group>"; };
		AB3DC33C2808204E00928FB9 /* Test.app */ = {isa = PBXFileReference; explicitFileType = wrapper.application; includeInIndex = 0; path = Test.app; sourceTree = BUILT_PRODUCTS_DIR; };
		AB3DC33F2808204E00928FB9 /* AppDelegate.h */ = {isa = PBXFileReference; lastKnownFileType = sourcecode.c.h; path = AppDelegate.h; sourceTree = "<group>"; };
		AB3DC3402808204E00928FB9 /* AppDelegate.m */ = {isa = PBXFileReference; lastKnownFileType = sourcecode.c.objc; path = AppDelegate.m; sourceTree = "<group>"; };
		AB3DC3422808204E00928FB9 /* SceneDelegate.h */ = {isa = PBXFileReference; lastKnownFileType = sourcecode.c.h; path = SceneDelegate.h; sourceTree = "<group>"; };
		AB3DC3432808204E00928FB9 /* SceneDelegate.m */ = {isa = PBXFileReference; lastKnownFileType = sourcecode.c.objc; path = SceneDelegate.m; sourceTree = "<group>"; };
		AB3DC3452808204E00928FB9 /* ViewController.h */ = {isa = PBXFileReference; lastKnownFileType = sourcecode.c.h; path = ViewController.h; sourceTree = "<group>"; };
		AB3DC3462808204E00928FB9 /* ViewController.m */ = {isa = PBXFileReference; lastKnownFileType = sourcecode.c.objc; path = ViewController.m; sourceTree = "<group>"; };
		AB3DC3492808204E00928FB9 /* Base */ = {isa = PBXFileReference; lastKnownFileType = file.storyboard; name = Base; path = Base.lproj/Main.storyboard; sourceTree = "<group>"; };
		AB3DC34B2808204E00928FB9 /* Assets.xcassets */ = {isa = PBXFileReference; lastKnownFileType = folder.assetcatalog; path = Assets.xcassets; sourceTree = "<group>"; };
		AB3DC34E2808204E00928FB9 /* Base */ = {isa = PBXFileReference; lastKnownFileType = file.storyboard; name = Base; path = Base.lproj/LaunchScreen.storyboard; sourceTree = "<group>"; };
		AB3DC3502808204E00928FB9 /* Info.plist */ = {isa = PBXFileReference; lastKnownFileType = text.plist.xml; path = Info.plist; sourceTree = "<group>"; };
		AB3DC3512808204E00928FB9 /* main.m */ = {isa = PBXFileReference; lastKnownFileType = sourcecode.c.objc; path = main.m; sourceTree = "<group>"; };
		AB3DC3572808204E00928FB9 /* TestTests.xctest */ = {isa = PBXFileReference; explicitFileType = wrapper.cfbundle; includeInIndex = 0; path = TestTests.xctest; sourceTree = BUILT_PRODUCTS_DIR; };
		AB3DC35B2808204E00928FB9 /* TestTests.m */ = {isa = PBXFileReference; lastKnownFileType = sourcecode.c.objc; path = TestTests.m; sourceTree = "<group>"; };
		AB3DC3612808204E00928FB9 /* TestUITests.xctest */ = {isa = PBXFileReference; explicitFileType = wrapper.cfbundle; includeInIndex = 0; path = TestUITests.xctest; sourceTree = BUILT_PRODUCTS_DIR; };
		AB3DC3652808204E00928FB9 /* TestUITests.m */ = {isa = PBXFileReference; lastKnownFileType = sourcecode.c.objc; path = TestUITests.m; sourceTree = "<group>"; };
		AB3DC3672808204E00928FB9 /* TestUITestsLaunchTests.m */ = {isa = PBXFileReference; lastKnownFileType = sourcecode.c.objc; path = TestUITestsLaunchTests.m; sourceTree = "<group>"; };
		ABF078EC28589A7E00DEA2C2 /* TestC.c */ = {isa = PBXFileReference; lastKnownFileType = sourcecode.c.c; path = TestC.c; sourceTree = "<group>"; };
		ABF552F2283CE71500DBA117 /* TwoViewController.h */ = {isa = PBXFileReference; lastKnownFileType = sourcecode.c.h; path = TwoViewController.h; sourceTree = "<group>"; };
		ABF552F3283CE71500DBA117 /* TwoViewController.m */ = {isa = PBXFileReference; lastKnownFileType = sourcecode.c.objc; path = TwoViewController.m; sourceTree = "<group>"; };
		ABF552F5283CE93800DBA117 /* CustomTextField.h */ = {isa = PBXFileReference; lastKnownFileType = sourcecode.c.h; path = CustomTextField.h; sourceTree = "<group>"; };
		ABF552F6283CE93800DBA117 /* CustomTextField.m */ = {isa = PBXFileReference; lastKnownFileType = sourcecode.c.objc; path = CustomTextField.m; sourceTree = "<group>"; };
/* End PBXFileReference section */

/* Begin PBXFrameworksBuildPhase section */
		AB3DC3392808204E00928FB9 /* Frameworks */ = {
			isa = PBXFrameworksBuildPhase;
			buildActionMask = 2147483647;
			files = (
				BB93ECD2AAC14F292DDFABC4 /* Pods_Test.framework in Frameworks */,
			);
			runOnlyForDeploymentPostprocessing = 0;
		};
		AB3DC3542808204E00928FB9 /* Frameworks */ = {
			isa = PBXFrameworksBuildPhase;
			buildActionMask = 2147483647;
			files = (
			);
			runOnlyForDeploymentPostprocessing = 0;
		};
		AB3DC35E2808204E00928FB9 /* Frameworks */ = {
			isa = PBXFrameworksBuildPhase;
			buildActionMask = 2147483647;
			files = (
			);
			runOnlyForDeploymentPostprocessing = 0;
		};
/* End PBXFrameworksBuildPhase section */

/* Begin PBXGroup section */
		7EB591607827E29299C0C018 /* Frameworks */ = {
			isa = PBXGroup;
			children = (
				4F8058E53FC1BA852457751C /* Pods_Test.framework */,
			);
			name = Frameworks;
			sourceTree = "<group>";
		};
		AB3DC3332808204D00928FB9 = {
			isa = PBXGroup;
			children = (
				AB3DC33E2808204E00928FB9 /* Test */,
				AB3DC35A2808204E00928FB9 /* TestTests */,
				AB3DC3642808204E00928FB9 /* TestUITests */,
				AB3DC33D2808204E00928FB9 /* Products */,
				C94AB802C8431EC3F5DE126C /* Pods */,
				7EB591607827E29299C0C018 /* Frameworks */,
			);
			sourceTree = "<group>";
		};
		AB3DC33D2808204E00928FB9 /* Products */ = {
			isa = PBXGroup;
			children = (
				AB3DC33C2808204E00928FB9 /* Test.app */,
				AB3DC3572808204E00928FB9 /* TestTests.xctest */,
				AB3DC3612808204E00928FB9 /* TestUITests.xctest */,
			);
			name = Products;
			sourceTree = "<group>";
		};
		AB3DC33E2808204E00928FB9 /* Test */ = {
			isa = PBXGroup;
			children = (
				AB3DC33F2808204E00928FB9 /* AppDelegate.h */,
				AB3DC3402808204E00928FB9 /* AppDelegate.m */,
				AB3DC3422808204E00928FB9 /* SceneDelegate.h */,
				AB3DC3432808204E00928FB9 /* SceneDelegate.m */,
				AB3DC3452808204E00928FB9 /* ViewController.h */,
				AB3DC3462808204E00928FB9 /* ViewController.m */,
				ABF552F2283CE71500DBA117 /* TwoViewController.h */,
				ABF552F3283CE71500DBA117 /* TwoViewController.m */,
				ABF552F5283CE93800DBA117 /* CustomTextField.h */,
				ABF552F6283CE93800DBA117 /* CustomTextField.m */,
				AB3DC3482808204E00928FB9 /* Main.storyboard */,
				AB3DC34B2808204E00928FB9 /* Assets.xcassets */,
				AB3DC34D2808204E00928FB9 /* LaunchScreen.storyboard */,
				AB3DC3502808204E00928FB9 /* Info.plist */,
				AB3DC3512808204E00928FB9 /* main.m */,
				ABF078EC28589A7E00DEA2C2 /* TestC.c */,
			);
			path = Test;
			sourceTree = "<group>";
		};
		AB3DC35A2808204E00928FB9 /* TestTests */ = {
			isa = PBXGroup;
			children = (
				AB3DC35B2808204E00928FB9 /* TestTests.m */,
			);
			path = TestTests;
			sourceTree = "<group>";
		};
		AB3DC3642808204E00928FB9 /* TestUITests */ = {
			isa = PBXGroup;
			children = (
				AB3DC3652808204E00928FB9 /* TestUITests.m */,
				AB3DC3672808204E00928FB9 /* TestUITestsLaunchTests.m */,
			);
			path = TestUITests;
			sourceTree = "<group>";
		};
		C94AB802C8431EC3F5DE126C /* Pods */ = {
			isa = PBXGroup;
			children = (
				6BE011F60BC24D4AA5DC28C8 /* Pods-Test.debug.xcconfig */,
				A9BB4C2DF4BE37558C120C32 /* Pods-Test.release.xcconfig */,
			);
			path = Pods;
			sourceTree = "<group>";
		};
/* End PBXGroup section */

/* Begin PBXNativeTarget section */
		AB3DC33B2808204E00928FB9 /* Test */ = {
			isa = PBXNativeTarget;
			buildConfigurationList = AB3DC36B2808204E00928FB9 /* Build configuration list for PBXNativeTarget "Test" */;
			buildPhases = (
				B6E3696DC638BFEBEAA9DF6C /* [CP] Check Pods Manifest.lock */,
				AB3DC3382808204E00928FB9 /* Sources */,
				AB3DC3392808204E00928FB9 /* Frameworks */,
				AB3DC33A2808204E00928FB9 /* Resources */,
				639027A2C772DC791F9946EA /* [CP] Embed Pods Frameworks */,
			);
			buildRules = (
			);
			dependencies = (
			);
			name = Test;
			productName = Test;
			productReference = AB3DC33C2808204E00928FB9 /* Test.app */;
			productType = "com.apple.product-type.application";
		};
		AB3DC3562808204E00928FB9 /* TestTests */ = {
			isa = PBXNativeTarget;
			buildConfigurationList = AB3DC36E2808204E00928FB9 /* Build configuration list for PBXNativeTarget "TestTests" */;
			buildPhases = (
				AB3DC3532808204E00928FB9 /* Sources */,
				AB3DC3542808204E00928FB9 /* Frameworks */,
				AB3DC3552808204E00928FB9 /* Resources */,
			);
			buildRules = (
			);
			dependencies = (
				AB3DC3592808204E00928FB9 /* PBXTargetDependency */,
			);
			name = TestTests;
			productName = TestTests;
			productReference = AB3DC3572808204E00928FB9 /* TestTests.xctest */;
			productType = "com.apple.product-type.bundle.unit-test";
		};
		AB3DC3602808204E00928FB9 /* TestUITests */ = {
			isa = PBXNativeTarget;
			buildConfigurationList = AB3DC3712808204E00928FB9 /* Build configuration list for PBXNativeTarget "TestUITests" */;
			buildPhases = (
				AB3DC35D2808204E00928FB9 /* Sources */,
				AB3DC35E2808204E00928FB9 /* Frameworks */,
				AB3DC35F2808204E00928FB9 /* Resources */,
			);
			buildRules = (
			);
			dependencies = (
				AB3DC3632808204E00928FB9 /* PBXTargetDependency */,
			);
			name = TestUITests;
			productName = TestUITests;
			productReference = AB3DC3612808204E00928FB9 /* TestUITests.xctest */;
			productType = "com.apple.product-type.bundle.ui-testing";
		};
/* End PBXNativeTarget section */

/* Begin PBXProject section */
		AB3DC3342808204D00928FB9 /* Project object */ = {
			isa = PBXProject;
			attributes = {
				BuildIndependentTargetsInParallel = 1;
				LastUpgradeCheck = 1330;
				TargetAttributes = {
					AB3DC33B2808204E00928FB9 = {
						CreatedOnToolsVersion = 13.3;
					};
					AB3DC3562808204E00928FB9 = {
						CreatedOnToolsVersion = 13.3;
						TestTargetID = AB3DC33B2808204E00928FB9;
					};
					AB3DC3602808204E00928FB9 = {
						CreatedOnToolsVersion = 13.3;
						TestTargetID = AB3DC33B2808204E00928FB9;
					};
				};
			};
			buildConfigurationList = AB3DC3372808204D00928FB9 /* Build configuration list for PBXProject "Test" */;
			compatibilityVersion = "Xcode 13.0";
			developmentRegion = en;
			hasScannedForEncodings = 0;
			knownRegions = (
				en,
				Base,
			);
			mainGroup = AB3DC3332808204D00928FB9;
			productRefGroup = AB3DC33D2808204E00928FB9 /* Products */;
			projectDirPath = "";
			projectRoot = "";
			targets = (
				AB3DC33B2808204E00928FB9 /* Test */,
				AB3DC3562808204E00928FB9 /* TestTests */,
				AB3DC3602808204E00928FB9 /* TestUITests */,
			);
		};
/* End PBXProject section */

/* Begin PBXResourcesBuildPhase section */
		AB3DC33A2808204E00928FB9 /* Resources */ = {
			isa = PBXResourcesBuildPhase;
			buildActionMask = 2147483647;
			files = (
				AB3DC34F2808204E00928FB9 /* LaunchScreen.storyboard in Resources */,
				AB3DC34C2808204E00928FB9 /* Assets.xcassets in Resources */,
				AB3DC34A2808204E00928FB9 /* Main.storyboard in Resources */,
			);
			runOnlyForDeploymentPostprocessing = 0;
		};
		AB3DC3552808204E00928FB9 /* Resources */ = {
			isa = PBXResourcesBuildPhase;
			buildActionMask = 2147483647;
			files = (
			);
			runOnlyForDeploymentPostprocessing = 0;
		};
		AB3DC35F2808204E00928FB9 /* Resources */ = {
			isa = PBXResourcesBuildPhase;
			buildActionMask = 2147483647;
			files = (
			);
			runOnlyForDeploymentPostprocessing = 0;
		};
/* End PBXResourcesBuildPhase section */

/* Begin PBXShellScriptBuildPhase section */
		639027A2C772DC791F9946EA /* [CP] Embed Pods Frameworks */ = {
			isa = PBXShellScriptBuildPhase;
			buildActionMask = 2147483647;
			files = (
			);
			inputFileListPaths = (
				"${PODS_ROOT}/Target Support Files/Pods-Test/Pods-Test-frameworks-${CONFIGURATION}-input-files.xcfilelist",
			);
			name = "[CP] Embed Pods Frameworks";
			outputFileListPaths = (
				"${PODS_ROOT}/Target Support Files/Pods-Test/Pods-Test-frameworks-${CONFIGURATION}-output-files.xcfilelist",
			);
			runOnlyForDeploymentPostprocessing = 0;
			shellPath = /bin/sh;
			shellScript = "\"${PODS_ROOT}/Target Support Files/Pods-Test/Pods-Test-frameworks.sh\"\n";
			showEnvVarsInLog = 0;
		};
		B6E3696DC638BFEBEAA9DF6C /* [CP] Check Pods Manifest.lock */ = {
			isa = PBXShellScriptBuildPhase;
			buildActionMask = 2147483647;
			files = (
			);
			inputFileListPaths = (
			);
			inputPaths = (
				"${PODS_PODFILE_DIR_PATH}/Podfile.lock",
				"${PODS_ROOT}/Manifest.lock",
			);
			name = "[CP] Check Pods Manifest.lock";
			outputFileListPaths = (
			);
			outputPaths = (
				"$(DERIVED_FILE_DIR)/Pods-Test-checkManifestLockResult.txt",
			);
			runOnlyForDeploymentPostprocessing = 0;
			shellPath = /bin/sh;
			shellScript = "diff \"${PODS_PODFILE_DIR_PATH}/Podfile.lock\" \"${PODS_ROOT}/Manifest.lock\" > /dev/null\nif [ $? != 0 ] ; then\n    # print error to STDERR\n    echo \"error: The sandbox is not in sync with the Podfile.lock. Run 'pod install' or update your CocoaPods installation.\" >&2\n    exit 1\nfi\n# This output is used by Xcode 'outputs' to avoid re-running this script phase.\necho \"SUCCESS\" > \"${SCRIPT_OUTPUT_FILE_0}\"\n";
			showEnvVarsInLog = 0;
		};
/* End PBXShellScriptBuildPhase section */

/* Begin PBXSourcesBuildPhase section */
		AB3DC3382808204E00928FB9 /* Sources */ = {
			isa = PBXSourcesBuildPhase;
			buildActionMask = 2147483647;
			files = (
				AB3DC3472808204E00928FB9 /* ViewController.m in Sources */,
				AB3DC3412808204E00928FB9 /* AppDelegate.m in Sources */,
				AB3DC3522808204E00928FB9 /* main.m in Sources */,
				ABF552F4283CE71500DBA117 /* TwoViewController.m in Sources */,
				ABF078ED28589A7E00DEA2C2 /* TestC.c in Sources */,
				ABF552F7283CE93800DBA117 /* CustomTextField.m in Sources */,
				AB3DC3442808204E00928FB9 /* SceneDelegate.m in Sources */,
			);
			runOnlyForDeploymentPostprocessing = 0;
		};
		AB3DC3532808204E00928FB9 /* Sources */ = {
			isa = PBXSourcesBuildPhase;
			buildActionMask = 2147483647;
			files = (
				AB3DC35C2808204E00928FB9 /* TestTests.m in Sources */,
			);
			runOnlyForDeploymentPostprocessing = 0;
		};
		AB3DC35D2808204E00928FB9 /* Sources */ = {
			isa = PBXSourcesBuildPhase;
			buildActionMask = 2147483647;
			files = (
				AB3DC3682808204E00928FB9 /* TestUITestsLaunchTests.m in Sources */,
				AB3DC3662808204E00928FB9 /* TestUITests.m in Sources */,
			);
			runOnlyForDeploymentPostprocessing = 0;
		};
/* End PBXSourcesBuildPhase section */

/* Begin PBXTargetDependency section */
		AB3DC3592808204E00928FB9 /* PBXTargetDependency */ = {
			isa = PBXTargetDependency;
			target = AB3DC33B2808204E00928FB9 /* Test */;
			targetProxy = AB3DC3582808204E00928FB9 /* PBXContainerItemProxy */;
		};
		AB3DC3632808204E00928FB9 /* PBXTargetDependency */ = {
			isa = PBXTargetDependency;
			target = AB3DC33B2808204E00928FB9 /* Test */;
			targetProxy = AB3DC3622808204E00928FB9 /* PBXContainerItemProxy */;
		};
/* End PBXTargetDependency section */

/* Begin PBXVariantGroup section */
		AB3DC3482808204E00928FB9 /* Main.storyboard */ = {
			isa = PBXVariantGroup;
			children = (
				AB3DC3492808204E00928FB9 /* Base */,
			);
			name = Main.storyboard;
			sourceTree = "<group>";
		};
		AB3DC34D2808204E00928FB9 /* LaunchScreen.storyboard */ = {
			isa = PBXVariantGroup;
			children = (
				AB3DC34E2808204E00928FB9 /* Base */,
			);
			name = LaunchScreen.storyboard;
			sourceTree = "<group>";
		};
/* End PBXVariantGroup section */

/* Begin XCBuildConfiguration section */
		AB3DC3692808204E00928FB9 /* Debug */ = {
			isa = XCBuildConfiguration;
			buildSettings = {
				ALWAYS_SEARCH_USER_PATHS = NO;
				CLANG_ANALYZER_NONNULL = YES;
				CLANG_ANALYZER_NUMBER_OBJECT_CONVERSION = YES_AGGRESSIVE;
				CLANG_CXX_LANGUAGE_STANDARD = "gnu++17";
				CLANG_ENABLE_MODULES = YES;
				CLANG_ENABLE_OBJC_ARC = YES;
				CLANG_ENABLE_OBJC_WEAK = YES;
				CLANG_WARN_BLOCK_CAPTURE_AUTORELEASING = YES;
				CLANG_WARN_BOOL_CONVERSION = YES;
				CLANG_WARN_COMMA = YES;
				CLANG_WARN_CONSTANT_CONVERSION = YES;
				CLANG_WARN_DEPRECATED_OBJC_IMPLEMENTATIONS = YES;
				CLANG_WARN_DIRECT_OBJC_ISA_USAGE = YES_ERROR;
				CLANG_WARN_DOCUMENTATION_COMMENTS = YES;
				CLANG_WARN_EMPTY_BODY = YES;
				CLANG_WARN_ENUM_CONVERSION = YES;
				CLANG_WARN_INFINITE_RECURSION = YES;
				CLANG_WARN_INT_CONVERSION = YES;
				CLANG_WARN_NON_LITERAL_NULL_CONVERSION = YES;
				CLANG_WARN_OBJC_IMPLICIT_RETAIN_SELF = YES;
				CLANG_WARN_OBJC_LITERAL_CONVERSION = YES;
				CLANG_WARN_OBJC_ROOT_CLASS = YES_ERROR;
				CLANG_WARN_QUOTED_INCLUDE_IN_FRAMEWORK_HEADER = YES;
				CLANG_WARN_RANGE_LOOP_ANALYSIS = YES;
				CLANG_WARN_STRICT_PROTOTYPES = YES;
				CLANG_WARN_SUSPICIOUS_MOVE = YES;
				CLANG_WARN_UNGUARDED_AVAILABILITY = YES_AGGRESSIVE;
				CLANG_WARN_UNREACHABLE_CODE = YES;
				CLANG_WARN__DUPLICATE_METHOD_MATCH = YES;
				COPY_PHASE_STRIP = NO;
				DEBUG_INFORMATION_FORMAT = dwarf;
				ENABLE_STRICT_OBJC_MSGSEND = YES;
				ENABLE_TESTABILITY = YES;
				GCC_C_LANGUAGE_STANDARD = gnu11;
				GCC_DYNAMIC_NO_PIC = NO;
				GCC_NO_COMMON_BLOCKS = YES;
				GCC_OPTIMIZATION_LEVEL = 0;
				GCC_PREPROCESSOR_DEFINITIONS = (
					"DEBUG=1",
					"$(inherited)",
				);
				GCC_WARN_64_TO_32_BIT_CONVERSION = YES;
				GCC_WARN_ABOUT_RETURN_TYPE = YES_ERROR;
				GCC_WARN_UNDECLARED_SELECTOR = YES;
				GCC_WARN_UNINITIALIZED_AUTOS = YES_AGGRESSIVE;
				GCC_WARN_UNUSED_FUNCTION = YES;
				GCC_WARN_UNUSED_VARIABLE = YES;
				IPHONEOS_DEPLOYMENT_TARGET = 9.0;
				MTL_ENABLE_DEBUG_INFO = INCLUDE_SOURCE;
				MTL_FAST_MATH = YES;
				ONLY_ACTIVE_ARCH = YES;
				SDKROOT = iphoneos;
			};
			name = Debug;
		};
		AB3DC36A2808204E00928FB9 /* Release */ = {
			isa = XCBuildConfiguration;
			buildSettings = {
				ALWAYS_SEARCH_USER_PATHS = NO;
				CLANG_ANALYZER_NONNULL = YES;
				CLANG_ANALYZER_NUMBER_OBJECT_CONVERSION = YES_AGGRESSIVE;
				CLANG_CXX_LANGUAGE_STANDARD = "gnu++17";
				CLANG_ENABLE_MODULES = YES;
				CLANG_ENABLE_OBJC_ARC = YES;
				CLANG_ENABLE_OBJC_WEAK = YES;
				CLANG_WARN_BLOCK_CAPTURE_AUTORELEASING = YES;
				CLANG_WARN_BOOL_CONVERSION = YES;
				CLANG_WARN_COMMA = YES;
				CLANG_WARN_CONSTANT_CONVERSION = YES;
				CLANG_WARN_DEPRECATED_OBJC_IMPLEMENTATIONS = YES;
				CLANG_WARN_DIRECT_OBJC_ISA_USAGE = YES_ERROR;
				CLANG_WARN_DOCUMENTATION_COMMENTS = YES;
				CLANG_WARN_EMPTY_BODY = YES;
				CLANG_WARN_ENUM_CONVERSION = YES;
				CLANG_WARN_INFINITE_RECURSION = YES;
				CLANG_WARN_INT_CONVERSION = YES;
				CLANG_WARN_NON_LITERAL_NULL_CONVERSION = YES;
				CLANG_WARN_OBJC_IMPLICIT_RETAIN_SELF = YES;
				CLANG_WARN_OBJC_LITERAL_CONVERSION = YES;
				CLANG_WARN_OBJC_ROOT_CLASS = YES_ERROR;
				CLANG_WARN_QUOTED_INCLUDE_IN_FRAMEWORK_HEADER = YES;
				CLANG_WARN_RANGE_LOOP_ANALYSIS = YES;
				CLANG_WARN_STRICT_PROTOTYPES = YES;
				CLANG_WARN_SUSPICIOUS_MOVE = YES;
				CLANG_WARN_UNGUARDED_AVAILABILITY = YES_AGGRESSIVE;
				CLANG_WARN_UNREACHABLE_CODE = YES;
				CLANG_WARN__DUPLICATE_METHOD_MATCH = YES;
				COPY_PHASE_STRIP = NO;
				DEBUG_INFORMATION_FORMAT = "dwarf-with-dsym";
				ENABLE_NS_ASSERTIONS = NO;
				ENABLE_STRICT_OBJC_MSGSEND = YES;
				GCC_C_LANGUAGE_STANDARD = gnu11;
				GCC_NO_COMMON_BLOCKS = YES;
				GCC_WARN_64_TO_32_BIT_CONVERSION = YES;
				GCC_WARN_ABOUT_RETURN_TYPE = YES_ERROR;
				GCC_WARN_UNDECLARED_SELECTOR = YES;
				GCC_WARN_UNINITIALIZED_AUTOS = YES_AGGRESSIVE;
				GCC_WARN_UNUSED_FUNCTION = YES;
				GCC_WARN_UNUSED_VARIABLE = YES;
				IPHONEOS_DEPLOYMENT_TARGET = 9.0;
				MTL_ENABLE_DEBUG_INFO = NO;
				MTL_FAST_MATH = YES;
				SDKROOT = iphoneos;
				VALIDATE_PRODUCT = YES;
			};
			name = Release;
		};
		AB3DC36C2808204E00928FB9 /* Debug */ = {
			isa = XCBuildConfiguration;
			baseConfigurationReference = 6BE011F60BC24D4AA5DC28C8 /* Pods-Test.debug.xcconfig */;
			buildSettings = {
				ASSETCATALOG_COMPILER_APPICON_NAME = AppIcon;
				ASSETCATALOG_COMPILER_GLOBAL_ACCENT_COLOR_NAME = AccentColor;
				CODE_SIGN_STYLE = Automatic;
				CURRENT_PROJECT_VERSION = 1;
				DEVELOPMENT_TEAM = SLMAEZYAP8;
				ENABLE_APP_SANDBOX = NO;
				GENERATE_INFOPLIST_FILE = YES;
				INFOPLIST_FILE = Test/Info.plist;
				INFOPLIST_KEY_UIApplicationSupportsIndirectInputEvents = YES;
				INFOPLIST_KEY_UILaunchStoryboardName = LaunchScreen;
				INFOPLIST_KEY_UIMainStoryboardFile = Main;
				INFOPLIST_KEY_UISupportedInterfaceOrientations_iPad = "UIInterfaceOrientationPortrait UIInterfaceOrientationPortraitUpsideDown UIInterfaceOrientationLandscapeLeft UIInterfaceOrientationLandscapeRight";
				INFOPLIST_KEY_UISupportedInterfaceOrientations_iPhone = "UIInterfaceOrientationPortrait UIInterfaceOrientationLandscapeLeft UIInterfaceOrientationLandscapeRight";
				LD_RUNPATH_SEARCH_PATHS = (
					"$(inherited)",
					"@executable_path/Frameworks",
				);
				MARKETING_VERSION = 1.0;
				PRODUCT_BUNDLE_IDENTIFIER = com.zyb.Test;
				PRODUCT_NAME = "$(TARGET_NAME)";
				SWIFT_EMIT_LOC_STRINGS = YES;
				TARGETED_DEVICE_FAMILY = "1,2";
			};
			name = Debug;
		};
		AB3DC36D2808204E00928FB9 /* Release */ = {
			isa = XCBuildConfiguration;
			baseConfigurationReference = A9BB4C2DF4BE37558C120C32 /* Pods-Test.release.xcconfig */;
			buildSettings = {
				ASSETCATALOG_COMPILER_APPICON_NAME = AppIcon;
				ASSETCATALOG_COMPILER_GLOBAL_ACCENT_COLOR_NAME = AccentColor;
				CODE_SIGN_STYLE = Automatic;
				CURRENT_PROJECT_VERSION = 1;
				DEVELOPMENT_TEAM = SLMAEZYAP8;
				ENABLE_APP_SANDBOX = NO;
				GENERATE_INFOPLIST_FILE = YES;
				INFOPLIST_FILE = Test/Info.plist;
				INFOPLIST_KEY_UIApplicationSupportsIndirectInputEvents = YES;
				INFOPLIST_KEY_UILaunchStoryboardName = LaunchScreen;
				INFOPLIST_KEY_UIMainStoryboardFile = Main;
				INFOPLIST_KEY_UISupportedInterfaceOrientations_iPad = "UIInterfaceOrientationPortrait UIInterfaceOrientationPortraitUpsideDown UIInterfaceOrientationLandscapeLeft UIInterfaceOrientationLandscapeRight";
				INFOPLIST_KEY_UISupportedInterfaceOrientations_iPhone = "UIInterfaceOrientationPortrait UIInterfaceOrientationLandscapeLeft UIInterfaceOrientationLandscapeRight";
				LD_RUNPATH_SEARCH_PATHS = (
					"$(inherited)",
					"@executable_path/Frameworks",
				);
				MARKETING_VERSION = 1.0;
				PRODUCT_BUNDLE_IDENTIFIER = com.zyb.Test;
				PRODUCT_NAME = "$(TARGET_NAME)";
				SWIFT_EMIT_LOC_STRINGS = YES;
				TARGETED_DEVICE_FAMILY = "1,2";
			};
			name = Release;
		};
		AB3DC36F2808204E00928FB9 /* Debug */ = {
			isa = XCBuildConfiguration;
			buildSettings = {
				BUNDLE_LOADER = "$(TEST_HOST)";
				CODE_SIGN_STYLE = Automatic;
				CURRENT_PROJECT_VERSION = 1;
				DEVELOPMENT_TEAM = SLMAEZYAP8;
				GENERATE_INFOPLIST_FILE = YES;
				IPHONEOS_DEPLOYMENT_TARGET = 15.4;
				MARKETING_VERSION = 1.0;
				PRODUCT_BUNDLE_IDENTIFIER = com.zyb.TestTests;
				PRODUCT_NAME = "$(TARGET_NAME)";
				SWIFT_EMIT_LOC_STRINGS = NO;
				TARGETED_DEVICE_FAMILY = "1,2";
				TEST_HOST = "$(BUILT_PRODUCTS_DIR)/Test.app/Test";
			};
			name = Debug;
		};
		AB3DC3702808204E00928FB9 /* Release */ = {
			isa = XCBuildConfiguration;
			buildSettings = {
				BUNDLE_LOADER = "$(TEST_HOST)";
				CODE_SIGN_STYLE = Automatic;
				CURRENT_PROJECT_VERSION = 1;
				DEVELOPMENT_TEAM = SLMAEZYAP8;
				GENERATE_INFOPLIST_FILE = YES;
				IPHONEOS_DEPLOYMENT_TARGET = 15.4;
				MARKETING_VERSION = 1.0;
				PRODUCT_BUNDLE_IDENTIFIER = com.zyb.TestTests;
				PRODUCT_NAME = "$(TARGET_NAME)";
				SWIFT_EMIT_LOC_STRINGS = NO;
				TARGETED_DEVICE_FAMILY = "1,2";
				TEST_HOST = "$(BUILT_PRODUCTS_DIR)/Test.app/Test";
			};
			name = Release;
		};
		AB3DC3722808204E00928FB9 /* Debug */ = {
			isa = XCBuildConfiguration;
			buildSettings = {
				CODE_SIGN_STYLE = Automatic;
				CURRENT_PROJECT_VERSION = 1;
				DEVELOPMENT_TEAM = SLMAEZYAP8;
				GENERATE_INFOPLIST_FILE = YES;
				MARKETING_VERSION = 1.0;
				PRODUCT_BUNDLE_IDENTIFIER = com.zyb.TestUITests;
				PRODUCT_NAME = "$(TARGET_NAME)";
				SWIFT_EMIT_LOC_STRINGS = NO;
				TARGETED_DEVICE_FAMILY = "1,2";
				TEST_TARGET_NAME = Test;
			};
			name = Debug;
		};
		AB3DC3732808204E00928FB9 /* Release */ = {
			isa = XCBuildConfiguration;
			buildSettings = {
				CODE_SIGN_STYLE = Automatic;
				CURRENT_PROJECT_VERSION = 1;
				DEVELOPMENT_TEAM = SLMAEZYAP8;
				GENERATE_INFOPLIST_FILE = YES;
				MARKETING_VERSION = 1.0;
				PRODUCT_BUNDLE_IDENTIFIER = com.zyb.TestUITests;
				PRODUCT_NAME = "$(TARGET_NAME)";
				SWIFT_EMIT_LOC_STRINGS = NO;
				TARGETED_DEVICE_FAMILY = "1,2";
				TEST_TARGET_NAME = Test;
			};
			name = Release;
		};
/* End XCBuildConfiguration section */

/* Begin XCConfigurationList section */
		AB3DC3372808204D00928FB9 /* Build configuration list for PBXProject "Test" */ = {
			isa = XCConfigurationList;
			buildConfigurations = (
				AB3DC3692808204E00928FB9 /* Debug */,
				AB3DC36A2808204E00928FB9 /* Release */,
			);
			defaultConfigurationIsVisible = 0;
			defaultConfigurationName = Release;
		};
		AB3DC36B2808204E00928FB9 /* Build configuration list for PBXNativeTarget "Test" */ = {
			isa = XCConfigurationList;
			buildConfigurations = (
				AB3DC36C2808204E00928FB9 /* Debug */,
				AB3DC36D2808204E00928FB9 /* Release */,
			);
			defaultConfigurationIsVisible = 0;
			defaultConfigurationName = Release;
		};
		AB3DC36E2808204E00928FB9 /* Build configuration list for PBXNativeTarget "TestTests" */ = {
			isa = XCConfigurationList;
			buildConfigurations = (
				AB3DC36F2808204E00928FB9 /* Debug */,
				AB3DC3702808204E00928FB9 /* Release */,
			);
			defaultConfigurationIsVisible = 0;
			defaultConfigurationName = Release;
		};
		AB3DC3712808204E00928FB9 /* Build configuration list for PBXNativeTarget "TestUITests" */ = {
			isa = XCConfigurationList;
			buildConfigurations = (
				AB3DC3722808204E00928FB9 /* Debug */,
				AB3DC3732808204E00928FB9 /* Release */,
			);
			defaultConfigurationIsVisible = 0;
			defaultConfigurationName = Release;
		};
/* End XCConfigurationList section */
	};
	rootObject = AB3DC3342808204D00928FB9 /* Project object */;
}
